
Microsoft Visual Studio Solution File, Format Version 12.00
# Visual Studio 15
Project("{FAE04EC0-301F-11D3-BF4B-00C04F79EFBC}") = "ARware", "VuforiaScripts.csproj", "{740A2020-83CB-6209-3BF6-BAB5296E078D}"
EndProject
Project("{FAE04EC0-301F-11D3-BF4B-00C04F79EFBC}") = "ARware", "Assembly-CSharp.csproj", "{F22010FF-880F-837B-BAA6-4E8D4B52435E}"
EndProject
Project("{FAE04EC0-301F-11D3-BF4B-00C04F79EFBC}") = "ARware", "VuforiaEditorScripts.csproj", "{1D423976-49D7-E744-D3E8-FB0B5CD71518}"
EndProject
Global
	GlobalSection(SolutionConfigurationPlatforms) = preSolution
		Debug|Any CPU = Debug|Any CPU
		Release|Any CPU = Release|Any CPU
	EndGlobalSection
	GlobalSection(ProjectConfigurationPlatforms) = postSolution
		{740A2020-83CB-6209-3BF6-BAB5296E078D}.Debug|Any CPU.ActiveCfg = Debug|Any CPU
		{740A2020-83CB-6209-3BF6-BAB5296E078D}.Debug|Any CPU.Build.0 = Debug|Any CPU
		{740A2020-83CB-6209-3BF6-BAB5296E078D}.Release|Any CPU.ActiveCfg = Release|Any CPU
		{740A2020-83CB-6209-3BF6-BAB5296E078D}.Release|Any CPU.Build.0 = Release|Any CPU
		{F22010FF-880F-837B-BAA6-4E8D4B52435E}.Debug|Any CPU.ActiveCfg = Debug|Any CPU
		{F22010FF-880F-837B-BAA6-4E8D4B52435E}.Debug|Any CPU.Build.0 = Debug|Any CPU
		{F22010FF-880F-837B-BAA6-4E8D4B52435E}.Release|Any CPU.ActiveCfg = Release|Any CPU
		{F22010FF-880F-837B-BAA6-4E8D4B52435E}.Release|Any CPU.Build.0 = Release|Any CPU
		{1D423976-49D7-E744-D3E8-FB0B5CD71518}.Debug|Any CPU.ActiveCfg = Debug|Any CPU
		{1D423976-49D7-E744-D3E8-FB0B5CD71518}.Debug|Any CPU.Build.0 = Debug|Any CPU
		{1D423976-49D7-E744-D3E8-FB0B5CD71518}.Release|Any CPU.ActiveCfg = Release|Any CPU
		{1D423976-49D7-E744-D3E8-FB0B5CD71518}.Release|Any CPU.Build.0 = Release|Any CPU
	EndGlobalSection
	GlobalSection(SolutionProperties) = preSolution
		HideSolutionNode = FALSE
	EndGlobalSection
EndGlobal
